
Microsoft Visual Studio Solution File, Format Version 12.00
Project("{FAE04EC0-301F-11D3-BF4B-00C04F79EFBC}") = "Lesson2-Variables", "Lesson2-Variables\Lesson2-Variables.csproj", "{7DC45D6C-562F-4D08-8A6D-85FA8AF0BAA9}"
EndProject
Project("{FAE04EC0-301F-11D3-BF4B-00C04F79EFBC}") = "Lesson3-ifElse", "Lesson3-ifElse\Lesson3-ifElse.csproj", "{0BDA0750-D1D9-4119-911B-B71E4C376093}"
EndProject
Project("{FAE04EC0-301F-11D3-BF4B-00C04F79EFBC}") = "Tests", "Tests\Tests.csproj", "{00B927DE-07D6-4DFF-9F8A-F5797668CF75}"
EndProject
Project("{FAE04EC0-301F-11D3-BF4B-00C04F79EFBC}") = "Lesson4-MethodsHome", "Lesson4-MethodsHome\Lesson4-MethodsHome.csproj", "{EE000993-C9DB-466A-8373-40D3F644C7FC}"
EndProject
Project("{FAE04EC0-301F-11D3-BF4B-00C04F79EFBC}") = "Lesson6-Arrays", "Lesson6-Arrays\Lesson6-Arrays.csproj", "{44DFCAA0-AC95-4E3B-B2BD-0ECE47851E69}"
EndProject
Project("{FAE04EC0-301F-11D3-BF4B-00C04F79EFBC}") = "Lesson7-Strings", "Lesson7-Strings\Lesson7-Strings.csproj", "{07C74C09-EFB0-4A40-AF17-C0B8B60737F7}"
EndProject
Project("{FAE04EC0-301F-11D3-BF4B-00C04F79EFBC}") = "Lesson8-Regex", "Lesson8-Regex\Lesson8-Regex.csproj", "{23BC2932-601E-48C5-BBE5-FCC28CC1968B}"
EndProject
Project("{FAE04EC0-301F-11D3-BF4B-00C04F79EFBC}") = "Lesson10-Classes", "Lesson10-Classes\Lesson10-Classes.csproj", "{E9462CDA-2FD9-4B17-9ED5-5CBCEAA0CFBC}"
EndProject
Project("{FAE04EC0-301F-11D3-BF4B-00C04F79EFBC}") = "Incapsulation", "Incapsulation\Incapsulation.csproj", "{835740B5-F5A7-4AB1-BE9D-DADBCE1AAB8D}"
EndProject
Project("{FAE04EC0-301F-11D3-BF4B-00C04F79EFBC}") = "Lesson11-Encapsulation", "Lesson11-Encapsulation\Lesson11-Encapsulation.csproj", "{40A82FB4-5E19-45FC-9E81-22BA33E395C0}"
EndProject
Project("{FAE04EC0-301F-11D3-BF4B-00C04F79EFBC}") = "AbstractClasses", "AbstractClasses\AbstractClasses.csproj", "{C4ACFED4-B23A-487A-872C-55FD54A752CF}"
EndProject
Project("{FAE04EC0-301F-11D3-BF4B-00C04F79EFBC}") = "Structures", "Structures\Structures.csproj", "{8DAC6869-DB82-429B-BA4A-A4FA9B81F2C7}"
EndProject
Project("{FAE04EC0-301F-11D3-BF4B-00C04F79EFBC}") = "Generics", "Generics\Generics.csproj", "{24D03D7C-72D7-481D-8172-5D36E3DECC36}"
EndProject
Project("{FAE04EC0-301F-11D3-BF4B-00C04F79EFBC}") = "Lesson15-Generics", "Lesson15-Generics\Lesson15-Generics.csproj", "{A71FB169-7A3F-4EF7-A258-4EE3190C30B7}"
EndProject
Project("{FAE04EC0-301F-11D3-BF4B-00C04F79EFBC}") = "Collections", "Collections\Collections.csproj", "{7709ACB1-CFB6-44A6-B040-ED37F2227B85}"
EndProject
Project("{FAE04EC0-301F-11D3-BF4B-00C04F79EFBC}") = "Delegates", "Delegates\Delegates.csproj", "{A0339192-9375-470E-96E3-769325E92390}"
EndProject
Project("{FAE04EC0-301F-11D3-BF4B-00C04F79EFBC}") = "Lesson17-Snake", "Lesson17-Snake\Lesson17-Snake.csproj", "{42339D45-B783-4E44-8B13-B43DFB0ADC0C}"
EndProject
Project("{FAE04EC0-301F-11D3-BF4B-00C04F79EFBC}") = "ExtensionMethods", "ExtensionMethods\ExtensionMethods.csproj", "{1D990490-B9D6-4275-81BB-783FDC314A47}"
EndProject
Project("{FAE04EC0-301F-11D3-BF4B-00C04F79EFBC}") = "LINQ", "LINQ\LINQ.csproj", "{B7CD75B9-27BF-4351-B8AA-5E4048163BB9}"
EndProject
Project("{FAE04EC0-301F-11D3-BF4B-00C04F79EFBC}") = "ReflectionProject", "ReflectionProject\ReflectionProject.csproj", "{11125E40-35F7-48CE-8323-4061C07E7549}"
EndProject
Project("{FAE04EC0-301F-11D3-BF4B-00C04F79EFBC}") = "ClassLibrary1", "ClassLibrary1\ClassLibrary1.csproj", "{5201DC2E-B9A8-4181-ACD9-6914550C44AA}"
EndProject
Project("{FAE04EC0-301F-11D3-BF4B-00C04F79EFBC}") = "SOLID_I", "SOLID_I\SOLID_I.csproj", "{16BD0AD4-BFA7-4F87-87CD-9D3541C1DEC1}"
EndProject
Project("{FAE04EC0-301F-11D3-BF4B-00C04F79EFBC}") = "Lesson20-LINQ", "Lesson20-LINQ\Lesson20-LINQ.csproj", "{EFBA8864-39A9-47C1-8A57-800BCC65A17A}"
EndProject
Global
	GlobalSection(SolutionConfigurationPlatforms) = preSolution
		Debug|Any CPU = Debug|Any CPU
		Release|Any CPU = Release|Any CPU
	EndGlobalSection
	GlobalSection(ProjectConfigurationPlatforms) = postSolution
		{7DC45D6C-562F-4D08-8A6D-85FA8AF0BAA9}.Debug|Any CPU.ActiveCfg = Debug|Any CPU
		{7DC45D6C-562F-4D08-8A6D-85FA8AF0BAA9}.Debug|Any CPU.Build.0 = Debug|Any CPU
		{7DC45D6C-562F-4D08-8A6D-85FA8AF0BAA9}.Release|Any CPU.ActiveCfg = Release|Any CPU
		{7DC45D6C-562F-4D08-8A6D-85FA8AF0BAA9}.Release|Any CPU.Build.0 = Release|Any CPU
		{0BDA0750-D1D9-4119-911B-B71E4C376093}.Debug|Any CPU.ActiveCfg = Debug|Any CPU
		{0BDA0750-D1D9-4119-911B-B71E4C376093}.Debug|Any CPU.Build.0 = Debug|Any CPU
		{0BDA0750-D1D9-4119-911B-B71E4C376093}.Release|Any CPU.ActiveCfg = Release|Any CPU
		{0BDA0750-D1D9-4119-911B-B71E4C376093}.Release|Any CPU.Build.0 = Release|Any CPU
		{00B927DE-07D6-4DFF-9F8A-F5797668CF75}.Debug|Any CPU.ActiveCfg = Debug|Any CPU
		{00B927DE-07D6-4DFF-9F8A-F5797668CF75}.Debug|Any CPU.Build.0 = Debug|Any CPU
		{00B927DE-07D6-4DFF-9F8A-F5797668CF75}.Release|Any CPU.ActiveCfg = Release|Any CPU
		{00B927DE-07D6-4DFF-9F8A-F5797668CF75}.Release|Any CPU.Build.0 = Release|Any CPU
		{EE000993-C9DB-466A-8373-40D3F644C7FC}.Debug|Any CPU.ActiveCfg = Debug|Any CPU
		{EE000993-C9DB-466A-8373-40D3F644C7FC}.Debug|Any CPU.Build.0 = Debug|Any CPU
		{EE000993-C9DB-466A-8373-40D3F644C7FC}.Release|Any CPU.ActiveCfg = Release|Any CPU
		{EE000993-C9DB-466A-8373-40D3F644C7FC}.Release|Any CPU.Build.0 = Release|Any CPU
		{44DFCAA0-AC95-4E3B-B2BD-0ECE47851E69}.Debug|Any CPU.ActiveCfg = Debug|Any CPU
		{44DFCAA0-AC95-4E3B-B2BD-0ECE47851E69}.Debug|Any CPU.Build.0 = Debug|Any CPU
		{44DFCAA0-AC95-4E3B-B2BD-0ECE47851E69}.Release|Any CPU.ActiveCfg = Release|Any CPU
		{44DFCAA0-AC95-4E3B-B2BD-0ECE47851E69}.Release|Any CPU.Build.0 = Release|Any CPU
		{07C74C09-EFB0-4A40-AF17-C0B8B60737F7}.Debug|Any CPU.ActiveCfg = Debug|Any CPU
		{07C74C09-EFB0-4A40-AF17-C0B8B60737F7}.Debug|Any CPU.Build.0 = Debug|Any CPU
		{07C74C09-EFB0-4A40-AF17-C0B8B60737F7}.Release|Any CPU.ActiveCfg = Release|Any CPU
		{07C74C09-EFB0-4A40-AF17-C0B8B60737F7}.Release|Any CPU.Build.0 = Release|Any CPU
		{23BC2932-601E-48C5-BBE5-FCC28CC1968B}.Debug|Any CPU.ActiveCfg = Debug|Any CPU
		{23BC2932-601E-48C5-BBE5-FCC28CC1968B}.Debug|Any CPU.Build.0 = Debug|Any CPU
		{23BC2932-601E-48C5-BBE5-FCC28CC1968B}.Release|Any CPU.ActiveCfg = Release|Any CPU
		{23BC2932-601E-48C5-BBE5-FCC28CC1968B}.Release|Any CPU.Build.0 = Release|Any CPU
		{E9462CDA-2FD9-4B17-9ED5-5CBCEAA0CFBC}.Debug|Any CPU.ActiveCfg = Debug|Any CPU
		{E9462CDA-2FD9-4B17-9ED5-5CBCEAA0CFBC}.Debug|Any CPU.Build.0 = Debug|Any CPU
		{E9462CDA-2FD9-4B17-9ED5-5CBCEAA0CFBC}.Release|Any CPU.ActiveCfg = Release|Any CPU
		{E9462CDA-2FD9-4B17-9ED5-5CBCEAA0CFBC}.Release|Any CPU.Build.0 = Release|Any CPU
		{835740B5-F5A7-4AB1-BE9D-DADBCE1AAB8D}.Debug|Any CPU.ActiveCfg = Debug|Any CPU
		{835740B5-F5A7-4AB1-BE9D-DADBCE1AAB8D}.Debug|Any CPU.Build.0 = Debug|Any CPU
		{835740B5-F5A7-4AB1-BE9D-DADBCE1AAB8D}.Release|Any CPU.ActiveCfg = Release|Any CPU
		{835740B5-F5A7-4AB1-BE9D-DADBCE1AAB8D}.Release|Any CPU.Build.0 = Release|Any CPU
		{40A82FB4-5E19-45FC-9E81-22BA33E395C0}.Debug|Any CPU.ActiveCfg = Debug|Any CPU
		{40A82FB4-5E19-45FC-9E81-22BA33E395C0}.Debug|Any CPU.Build.0 = Debug|Any CPU
		{40A82FB4-5E19-45FC-9E81-22BA33E395C0}.Release|Any CPU.ActiveCfg = Release|Any CPU
		{40A82FB4-5E19-45FC-9E81-22BA33E395C0}.Release|Any CPU.Build.0 = Release|Any CPU
		{C4ACFED4-B23A-487A-872C-55FD54A752CF}.Debug|Any CPU.ActiveCfg = Debug|Any CPU
		{C4ACFED4-B23A-487A-872C-55FD54A752CF}.Debug|Any CPU.Build.0 = Debug|Any CPU
		{C4ACFED4-B23A-487A-872C-55FD54A752CF}.Release|Any CPU.ActiveCfg = Release|Any CPU
		{C4ACFED4-B23A-487A-872C-55FD54A752CF}.Release|Any CPU.Build.0 = Release|Any CPU
		{8DAC6869-DB82-429B-BA4A-A4FA9B81F2C7}.Debug|Any CPU.ActiveCfg = Debug|Any CPU
		{8DAC6869-DB82-429B-BA4A-A4FA9B81F2C7}.Debug|Any CPU.Build.0 = Debug|Any CPU
		{8DAC6869-DB82-429B-BA4A-A4FA9B81F2C7}.Release|Any CPU.ActiveCfg = Release|Any CPU
		{8DAC6869-DB82-429B-BA4A-A4FA9B81F2C7}.Release|Any CPU.Build.0 = Release|Any CPU
		{24D03D7C-72D7-481D-8172-5D36E3DECC36}.Debug|Any CPU.ActiveCfg = Debug|Any CPU
		{24D03D7C-72D7-481D-8172-5D36E3DECC36}.Debug|Any CPU.Build.0 = Debug|Any CPU
		{24D03D7C-72D7-481D-8172-5D36E3DECC36}.Release|Any CPU.ActiveCfg = Release|Any CPU
		{24D03D7C-72D7-481D-8172-5D36E3DECC36}.Release|Any CPU.Build.0 = Release|Any CPU
		{A71FB169-7A3F-4EF7-A258-4EE3190C30B7}.Debug|Any CPU.ActiveCfg = Debug|Any CPU
		{A71FB169-7A3F-4EF7-A258-4EE3190C30B7}.Debug|Any CPU.Build.0 = Debug|Any CPU
		{A71FB169-7A3F-4EF7-A258-4EE3190C30B7}.Release|Any CPU.ActiveCfg = Release|Any CPU
		{A71FB169-7A3F-4EF7-A258-4EE3190C30B7}.Release|Any CPU.Build.0 = Release|Any CPU
		{7709ACB1-CFB6-44A6-B040-ED37F2227B85}.Debug|Any CPU.ActiveCfg = Debug|Any CPU
		{7709ACB1-CFB6-44A6-B040-ED37F2227B85}.Debug|Any CPU.Build.0 = Debug|Any CPU
		{7709ACB1-CFB6-44A6-B040-ED37F2227B85}.Release|Any CPU.ActiveCfg = Release|Any CPU
		{7709ACB1-CFB6-44A6-B040-ED37F2227B85}.Release|Any CPU.Build.0 = Release|Any CPU
		{A0339192-9375-470E-96E3-769325E92390}.Debug|Any CPU.ActiveCfg = Debug|Any CPU
		{A0339192-9375-470E-96E3-769325E92390}.Debug|Any CPU.Build.0 = Debug|Any CPU
		{A0339192-9375-470E-96E3-769325E92390}.Release|Any CPU.ActiveCfg = Release|Any CPU
		{A0339192-9375-470E-96E3-769325E92390}.Release|Any CPU.Build.0 = Release|Any CPU
		{42339D45-B783-4E44-8B13-B43DFB0ADC0C}.Debug|Any CPU.ActiveCfg = Debug|Any CPU
		{42339D45-B783-4E44-8B13-B43DFB0ADC0C}.Debug|Any CPU.Build.0 = Debug|Any CPU
		{42339D45-B783-4E44-8B13-B43DFB0ADC0C}.Release|Any CPU.ActiveCfg = Release|Any CPU
		{42339D45-B783-4E44-8B13-B43DFB0ADC0C}.Release|Any CPU.Build.0 = Release|Any CPU
		{1D990490-B9D6-4275-81BB-783FDC314A47}.Debug|Any CPU.ActiveCfg = Debug|Any CPU
		{1D990490-B9D6-4275-81BB-783FDC314A47}.Debug|Any CPU.Build.0 = Debug|Any CPU
		{1D990490-B9D6-4275-81BB-783FDC314A47}.Release|Any CPU.ActiveCfg = Release|Any CPU
		{1D990490-B9D6-4275-81BB-783FDC314A47}.Release|Any CPU.Build.0 = Release|Any CPU
		{B7CD75B9-27BF-4351-B8AA-5E4048163BB9}.Debug|Any CPU.ActiveCfg = Debug|Any CPU
		{B7CD75B9-27BF-4351-B8AA-5E4048163BB9}.Debug|Any CPU.Build.0 = Debug|Any CPU
		{B7CD75B9-27BF-4351-B8AA-5E4048163BB9}.Release|Any CPU.ActiveCfg = Release|Any CPU
		{B7CD75B9-27BF-4351-B8AA-5E4048163BB9}.Release|Any CPU.Build.0 = Release|Any CPU
		{11125E40-35F7-48CE-8323-4061C07E7549}.Debug|Any CPU.ActiveCfg = Debug|Any CPU
		{11125E40-35F7-48CE-8323-4061C07E7549}.Debug|Any CPU.Build.0 = Debug|Any CPU
		{11125E40-35F7-48CE-8323-4061C07E7549}.Release|Any CPU.ActiveCfg = Release|Any CPU
		{11125E40-35F7-48CE-8323-4061C07E7549}.Release|Any CPU.Build.0 = Release|Any CPU
		{5201DC2E-B9A8-4181-ACD9-6914550C44AA}.Debug|Any CPU.ActiveCfg = Debug|Any CPU
		{5201DC2E-B9A8-4181-ACD9-6914550C44AA}.Debug|Any CPU.Build.0 = Debug|Any CPU
		{5201DC2E-B9A8-4181-ACD9-6914550C44AA}.Release|Any CPU.ActiveCfg = Release|Any CPU
		{5201DC2E-B9A8-4181-ACD9-6914550C44AA}.Release|Any CPU.Build.0 = Release|Any CPU
		{16BD0AD4-BFA7-4F87-87CD-9D3541C1DEC1}.Debug|Any CPU.ActiveCfg = Debug|Any CPU
		{16BD0AD4-BFA7-4F87-87CD-9D3541C1DEC1}.Debug|Any CPU.Build.0 = Debug|Any CPU
		{16BD0AD4-BFA7-4F87-87CD-9D3541C1DEC1}.Release|Any CPU.ActiveCfg = Release|Any CPU
		{16BD0AD4-BFA7-4F87-87CD-9D3541C1DEC1}.Release|Any CPU.Build.0 = Release|Any CPU
		{EFBA8864-39A9-47C1-8A57-800BCC65A17A}.Debug|Any CPU.ActiveCfg = Debug|Any CPU
		{EFBA8864-39A9-47C1-8A57-800BCC65A17A}.Debug|Any CPU.Build.0 = Debug|Any CPU
		{EFBA8864-39A9-47C1-8A57-800BCC65A17A}.Release|Any CPU.ActiveCfg = Release|Any CPU
		{EFBA8864-39A9-47C1-8A57-800BCC65A17A}.Release|Any CPU.Build.0 = Release|Any CPU
	EndGlobalSection
EndGlobal
